# THIS IS AN AUTOGENERATED FILE. DO NOT EDIT THIS FILE DIRECTLY.
# yarn lockfile v1


kitsu-core@^8.0.5:
  version "8.0.5"
  resolved "https://registry.yarnpkg.com/kitsu-core/-/kitsu-core-8.0.5.tgz#840882e8e43b485a54bf2c5cf2ce74fabae92b14"
  integrity sha512-ncU6WcLluwwin44kmMNHnKMxlqQhBHdfM18zPhKf+AVmcozFOSi7Uwgi/n8KO2FX2/YxC/q8R79aWk/eo6XaOw==
